
Microsoft Visual Studio Solution File, Format Version 12.00
# Visual Studio Version 16
VisualStudioVersion = 16.0.30309.148
MinimumVisualStudioVersion = 10.0.40219.1
Project("{FAE04EC0-301F-11D3-BF4B-00C04F79EFBC}") = "DecimalToBinary", "DecimalToBinary\DecimalToBinary.csproj", "{40566221-3782-426C-9B36-F920DA585C74}"
EndProject
Global
	GlobalSection(SolutionConfigurationPlatforms) = preSolution
		Debug|Any CPU = Debug|Any CPU
		Release|Any CPU = Release|Any CPU
	EndGlobalSection
	GlobalSection(ProjectConfigurationPlatforms) = postSolution
		{40566221-3782-426C-9B36-F920DA585C74}.Debug|Any CPU.ActiveCfg = Debug|Any CPU
		{40566221-3782-426C-9B36-F920DA585C74}.Debug|Any CPU.Build.0 = Debug|Any CPU
		{40566221-3782-426C-9B36-F920DA585C74}.Release|Any CPU.ActiveCfg = Release|Any CPU
		{40566221-3782-426C-9B36-F920DA585C74}.Release|Any CPU.Build.0 = Release|Any CPU
	EndGlobalSection
	GlobalSection(SolutionProperties) = preSolution
		HideSolutionNode = FALSE
	EndGlobalSection
	GlobalSection(ExtensibilityGlobals) = postSolution
		SolutionGuid = {3B95DBC8-9881-4F07-9643-1F6A2E692301}
	EndGlobalSection
EndGlobal
