
Microsoft Visual Studio Solution File, Format Version 12.00
# Visual Studio Version 16
VisualStudioVersion = 16.0.30309.148
MinimumVisualStudioVersion = 10.0.40219.1
Project("{FAE04EC0-301F-11D3-BF4B-00C04F79EFBC}") = "FormatExceptionDemo", "FormatExceptionDemo\FormatExceptionDemo.csproj", "{12F2824B-AB93-4592-A64E-71DF9DEBF7EC}"
EndProject
Global
	GlobalSection(SolutionConfigurationPlatforms) = preSolution
		Debug|Any CPU = Debug|Any CPU
		Release|Any CPU = Release|Any CPU
	EndGlobalSection
	GlobalSection(ProjectConfigurationPlatforms) = postSolution
		{12F2824B-AB93-4592-A64E-71DF9DEBF7EC}.Debug|Any CPU.ActiveCfg = Debug|Any CPU
		{12F2824B-AB93-4592-A64E-71DF9DEBF7EC}.Debug|Any CPU.Build.0 = Debug|Any CPU
		{12F2824B-AB93-4592-A64E-71DF9DEBF7EC}.Release|Any CPU.ActiveCfg = Release|Any CPU
		{12F2824B-AB93-4592-A64E-71DF9DEBF7EC}.Release|Any CPU.Build.0 = Release|Any CPU
	EndGlobalSection
	GlobalSection(SolutionProperties) = preSolution
		HideSolutionNode = FALSE
	EndGlobalSection
	GlobalSection(ExtensibilityGlobals) = postSolution
		SolutionGuid = {AEA848CA-8987-4EBC-95AC-F4D8AD425354}
	EndGlobalSection
EndGlobal
