
Microsoft Visual Studio Solution File, Format Version 12.00
# Visual Studio Version 16
VisualStudioVersion = 16.0.30225.117
MinimumVisualStudioVersion = 10.0.40219.1
Project("{FAE04EC0-301F-11D3-BF4B-00C04F79EFBC}") = "Triangle", "Triangle\Triangle.csproj", "{11127B31-8AC2-471E-AE15-155F0302973D}"
EndProject
Global
	GlobalSection(SolutionConfigurationPlatforms) = preSolution
		Debug|Any CPU = Debug|Any CPU
		Release|Any CPU = Release|Any CPU
	EndGlobalSection
	GlobalSection(ProjectConfigurationPlatforms) = postSolution
		{11127B31-8AC2-471E-AE15-155F0302973D}.Debug|Any CPU.ActiveCfg = Debug|Any CPU
		{11127B31-8AC2-471E-AE15-155F0302973D}.Debug|Any CPU.Build.0 = Debug|Any CPU
		{11127B31-8AC2-471E-AE15-155F0302973D}.Release|Any CPU.ActiveCfg = Release|Any CPU
		{11127B31-8AC2-471E-AE15-155F0302973D}.Release|Any CPU.Build.0 = Release|Any CPU
	EndGlobalSection
	GlobalSection(SolutionProperties) = preSolution
		HideSolutionNode = FALSE
	EndGlobalSection
	GlobalSection(ExtensibilityGlobals) = postSolution
		SolutionGuid = {C17433FB-FC35-4E5D-870E-86DD868092A4}
	EndGlobalSection
EndGlobal
