
Microsoft Visual Studio Solution File, Format Version 12.00
# Visual Studio Version 16
VisualStudioVersion = 16.0.30309.148
MinimumVisualStudioVersion = 10.0.40219.1
Project("{FAE04EC0-301F-11D3-BF4B-00C04F79EFBC}") = "StackReverse", "StackReverse\StackReverse.csproj", "{AA4197D5-0999-4D32-8307-7AE32B27D827}"
EndProject
Global
	GlobalSection(SolutionConfigurationPlatforms) = preSolution
		Debug|Any CPU = Debug|Any CPU
		Release|Any CPU = Release|Any CPU
	EndGlobalSection
	GlobalSection(ProjectConfigurationPlatforms) = postSolution
		{AA4197D5-0999-4D32-8307-7AE32B27D827}.Debug|Any CPU.ActiveCfg = Debug|Any CPU
		{AA4197D5-0999-4D32-8307-7AE32B27D827}.Debug|Any CPU.Build.0 = Debug|Any CPU
		{AA4197D5-0999-4D32-8307-7AE32B27D827}.Release|Any CPU.ActiveCfg = Release|Any CPU
		{AA4197D5-0999-4D32-8307-7AE32B27D827}.Release|Any CPU.Build.0 = Release|Any CPU
	EndGlobalSection
	GlobalSection(SolutionProperties) = preSolution
		HideSolutionNode = FALSE
	EndGlobalSection
	GlobalSection(ExtensibilityGlobals) = postSolution
		SolutionGuid = {6FB56387-D44F-43AD-918E-0BE75FA51449}
	EndGlobalSection
EndGlobal
