
Microsoft Visual Studio Solution File, Format Version 12.00
# Visual Studio Version 16
VisualStudioVersion = 16.0.30225.117
MinimumVisualStudioVersion = 10.0.40219.1
Project("{FAE04EC0-301F-11D3-BF4B-00C04F79EFBC}") = "Animal-InterfaceEdible", "Animal-InterfaceEdible\Animal-InterfaceEdible.csproj", "{470B31CB-9E8E-42D1-96A0-8DEFDE0B2E38}"
EndProject
Global
	GlobalSection(SolutionConfigurationPlatforms) = preSolution
		Debug|Any CPU = Debug|Any CPU
		Release|Any CPU = Release|Any CPU
	EndGlobalSection
	GlobalSection(ProjectConfigurationPlatforms) = postSolution
		{470B31CB-9E8E-42D1-96A0-8DEFDE0B2E38}.Debug|Any CPU.ActiveCfg = Debug|Any CPU
		{470B31CB-9E8E-42D1-96A0-8DEFDE0B2E38}.Debug|Any CPU.Build.0 = Debug|Any CPU
		{470B31CB-9E8E-42D1-96A0-8DEFDE0B2E38}.Release|Any CPU.ActiveCfg = Release|Any CPU
		{470B31CB-9E8E-42D1-96A0-8DEFDE0B2E38}.Release|Any CPU.Build.0 = Release|Any CPU
	EndGlobalSection
	GlobalSection(SolutionProperties) = preSolution
		HideSolutionNode = FALSE
	EndGlobalSection
	GlobalSection(ExtensibilityGlobals) = postSolution
		SolutionGuid = {4807C295-E389-41D5-B960-DFAF0102BE7F}
	EndGlobalSection
EndGlobal
