
Microsoft Visual Studio Solution File, Format Version 12.00
# Visual Studio Version 16
VisualStudioVersion = 16.0.30309.148
MinimumVisualStudioVersion = 10.0.40219.1
Project("{FAE04EC0-301F-11D3-BF4B-00C04F79EFBC}") = "DictionaryDemo", "DictionaryDemo\DictionaryDemo.csproj", "{7DD853A0-D4FD-4000-95C3-65066732B648}"
EndProject
Global
	GlobalSection(SolutionConfigurationPlatforms) = preSolution
		Debug|Any CPU = Debug|Any CPU
		Release|Any CPU = Release|Any CPU
	EndGlobalSection
	GlobalSection(ProjectConfigurationPlatforms) = postSolution
		{7DD853A0-D4FD-4000-95C3-65066732B648}.Debug|Any CPU.ActiveCfg = Debug|Any CPU
		{7DD853A0-D4FD-4000-95C3-65066732B648}.Debug|Any CPU.Build.0 = Debug|Any CPU
		{7DD853A0-D4FD-4000-95C3-65066732B648}.Release|Any CPU.ActiveCfg = Release|Any CPU
		{7DD853A0-D4FD-4000-95C3-65066732B648}.Release|Any CPU.Build.0 = Release|Any CPU
	EndGlobalSection
	GlobalSection(SolutionProperties) = preSolution
		HideSolutionNode = FALSE
	EndGlobalSection
	GlobalSection(ExtensibilityGlobals) = postSolution
		SolutionGuid = {8C0B8988-BD83-4BD2-84A7-0BC58AE7A851}
	EndGlobalSection
EndGlobal
