
Microsoft Visual Studio Solution File, Format Version 12.00
# Visual Studio Version 16
VisualStudioVersion = 16.0.30309.148
MinimumVisualStudioVersion = 10.0.40219.1
Project("{FAE04EC0-301F-11D3-BF4B-00C04F79EFBC}") = "ValidateEmail", "ValidateEmail\ValidateEmail.csproj", "{D803112F-97AF-42D5-AD0B-908D19542E27}"
EndProject
Global
	GlobalSection(SolutionConfigurationPlatforms) = preSolution
		Debug|Any CPU = Debug|Any CPU
		Release|Any CPU = Release|Any CPU
	EndGlobalSection
	GlobalSection(ProjectConfigurationPlatforms) = postSolution
		{D803112F-97AF-42D5-AD0B-908D19542E27}.Debug|Any CPU.ActiveCfg = Debug|Any CPU
		{D803112F-97AF-42D5-AD0B-908D19542E27}.Debug|Any CPU.Build.0 = Debug|Any CPU
		{D803112F-97AF-42D5-AD0B-908D19542E27}.Release|Any CPU.ActiveCfg = Release|Any CPU
		{D803112F-97AF-42D5-AD0B-908D19542E27}.Release|Any CPU.Build.0 = Release|Any CPU
	EndGlobalSection
	GlobalSection(SolutionProperties) = preSolution
		HideSolutionNode = FALSE
	EndGlobalSection
	GlobalSection(ExtensibilityGlobals) = postSolution
		SolutionGuid = {033BE790-87C1-4183-9807-17D953F13851}
	EndGlobalSection
EndGlobal
