
Microsoft Visual Studio Solution File, Format Version 12.00
# Visual Studio Version 16
VisualStudioVersion = 16.0.30225.117
MinimumVisualStudioVersion = 10.0.40219.1
Project("{FAE04EC0-301F-11D3-BF4B-00C04F79EFBC}") = "ListBasic-1", "ListBasic-1\ListBasic-1.csproj", "{D2C5192C-FE29-40B5-B649-364BD0FE5DCE}"
EndProject
Global
	GlobalSection(SolutionConfigurationPlatforms) = preSolution
		Debug|Any CPU = Debug|Any CPU
		Release|Any CPU = Release|Any CPU
	EndGlobalSection
	GlobalSection(ProjectConfigurationPlatforms) = postSolution
		{D2C5192C-FE29-40B5-B649-364BD0FE5DCE}.Debug|Any CPU.ActiveCfg = Debug|Any CPU
		{D2C5192C-FE29-40B5-B649-364BD0FE5DCE}.Debug|Any CPU.Build.0 = Debug|Any CPU
		{D2C5192C-FE29-40B5-B649-364BD0FE5DCE}.Release|Any CPU.ActiveCfg = Release|Any CPU
		{D2C5192C-FE29-40B5-B649-364BD0FE5DCE}.Release|Any CPU.Build.0 = Release|Any CPU
	EndGlobalSection
	GlobalSection(SolutionProperties) = preSolution
		HideSolutionNode = FALSE
	EndGlobalSection
	GlobalSection(ExtensibilityGlobals) = postSolution
		SolutionGuid = {0D609197-8D04-4B77-B750-627C78FF2A4E}
	EndGlobalSection
EndGlobal
