
Microsoft Visual Studio Solution File, Format Version 12.00
# Visual Studio Version 16
VisualStudioVersion = 16.0.30225.117
MinimumVisualStudioVersion = 10.0.40219.1
Project("{FAE04EC0-301F-11D3-BF4B-00C04F79EFBC}") = "AbsoluteNumberCalculator", "AbsoluteNumberCalculator\AbsoluteNumberCalculator.csproj", "{9749B8CB-8F23-4190-A0EF-AD7CC63EDAD7}"
EndProject
Project("{FAE04EC0-301F-11D3-BF4B-00C04F79EFBC}") = "AbsoluteNumberCalculatorTest", "AbsoluteNumberCalculatorTest\AbsoluteNumberCalculatorTest.csproj", "{4F602895-4518-446C-B9A4-82A83989B6CE}"
EndProject
Global
	GlobalSection(SolutionConfigurationPlatforms) = preSolution
		Debug|Any CPU = Debug|Any CPU
		Release|Any CPU = Release|Any CPU
	EndGlobalSection
	GlobalSection(ProjectConfigurationPlatforms) = postSolution
		{9749B8CB-8F23-4190-A0EF-AD7CC63EDAD7}.Debug|Any CPU.ActiveCfg = Debug|Any CPU
		{9749B8CB-8F23-4190-A0EF-AD7CC63EDAD7}.Debug|Any CPU.Build.0 = Debug|Any CPU
		{9749B8CB-8F23-4190-A0EF-AD7CC63EDAD7}.Release|Any CPU.ActiveCfg = Release|Any CPU
		{9749B8CB-8F23-4190-A0EF-AD7CC63EDAD7}.Release|Any CPU.Build.0 = Release|Any CPU
		{4F602895-4518-446C-B9A4-82A83989B6CE}.Debug|Any CPU.ActiveCfg = Debug|Any CPU
		{4F602895-4518-446C-B9A4-82A83989B6CE}.Debug|Any CPU.Build.0 = Debug|Any CPU
		{4F602895-4518-446C-B9A4-82A83989B6CE}.Release|Any CPU.ActiveCfg = Release|Any CPU
		{4F602895-4518-446C-B9A4-82A83989B6CE}.Release|Any CPU.Build.0 = Release|Any CPU
	EndGlobalSection
	GlobalSection(SolutionProperties) = preSolution
		HideSolutionNode = FALSE
	EndGlobalSection
	GlobalSection(ExtensibilityGlobals) = postSolution
		SolutionGuid = {FB889EC8-AB87-4A0F-99BE-2FDECEE7C9C6}
	EndGlobalSection
EndGlobal
