
Microsoft Visual Studio Solution File, Format Version 12.00
# Visual Studio Version 16
VisualStudioVersion = 16.0.30309.148
MinimumVisualStudioVersion = 10.0.40219.1
Project("{FAE04EC0-301F-11D3-BF4B-00C04F79EFBC}") = "Bai1", "Bai1\Bai1.csproj", "{33B54E98-A0D6-4F58-9E61-2F3511828281}"
EndProject
Project("{FAE04EC0-301F-11D3-BF4B-00C04F79EFBC}") = "Bai2", "Bai2\Bai2.csproj", "{A676A7BC-9A96-475C-819A-5BFA19551DA9}"
EndProject
Project("{FAE04EC0-301F-11D3-BF4B-00C04F79EFBC}") = "Bai3", "Bai3\Bai3.csproj", "{35115403-0C54-439F-BC74-C9BE57A54C2F}"
EndProject
Global
	GlobalSection(SolutionConfigurationPlatforms) = preSolution
		Debug|Any CPU = Debug|Any CPU
		Release|Any CPU = Release|Any CPU
	EndGlobalSection
	GlobalSection(ProjectConfigurationPlatforms) = postSolution
		{33B54E98-A0D6-4F58-9E61-2F3511828281}.Debug|Any CPU.ActiveCfg = Debug|Any CPU
		{33B54E98-A0D6-4F58-9E61-2F3511828281}.Debug|Any CPU.Build.0 = Debug|Any CPU
		{33B54E98-A0D6-4F58-9E61-2F3511828281}.Release|Any CPU.ActiveCfg = Release|Any CPU
		{33B54E98-A0D6-4F58-9E61-2F3511828281}.Release|Any CPU.Build.0 = Release|Any CPU
		{A676A7BC-9A96-475C-819A-5BFA19551DA9}.Debug|Any CPU.ActiveCfg = Debug|Any CPU
		{A676A7BC-9A96-475C-819A-5BFA19551DA9}.Debug|Any CPU.Build.0 = Debug|Any CPU
		{A676A7BC-9A96-475C-819A-5BFA19551DA9}.Release|Any CPU.ActiveCfg = Release|Any CPU
		{A676A7BC-9A96-475C-819A-5BFA19551DA9}.Release|Any CPU.Build.0 = Release|Any CPU
		{35115403-0C54-439F-BC74-C9BE57A54C2F}.Debug|Any CPU.ActiveCfg = Debug|Any CPU
		{35115403-0C54-439F-BC74-C9BE57A54C2F}.Debug|Any CPU.Build.0 = Debug|Any CPU
		{35115403-0C54-439F-BC74-C9BE57A54C2F}.Release|Any CPU.ActiveCfg = Release|Any CPU
		{35115403-0C54-439F-BC74-C9BE57A54C2F}.Release|Any CPU.Build.0 = Release|Any CPU
	EndGlobalSection
	GlobalSection(SolutionProperties) = preSolution
		HideSolutionNode = FALSE
	EndGlobalSection
	GlobalSection(ExtensibilityGlobals) = postSolution
		SolutionGuid = {2946F77E-FF38-41F5-A52F-B998C169B27F}
	EndGlobalSection
EndGlobal
