
Microsoft Visual Studio Solution File, Format Version 12.00
# Visual Studio Version 16
VisualStudioVersion = 16.0.30309.148
MinimumVisualStudioVersion = 10.0.40219.1
Project("{FAE04EC0-301F-11D3-BF4B-00C04F79EFBC}") = "EvenOdd", "EvenOdd\EvenOdd.csproj", "{9545DD2A-3BEA-40DA-ABE2-09CB04B2FB5B}"
EndProject
Global
	GlobalSection(SolutionConfigurationPlatforms) = preSolution
		Debug|Any CPU = Debug|Any CPU
		Release|Any CPU = Release|Any CPU
	EndGlobalSection
	GlobalSection(ProjectConfigurationPlatforms) = postSolution
		{9545DD2A-3BEA-40DA-ABE2-09CB04B2FB5B}.Debug|Any CPU.ActiveCfg = Debug|Any CPU
		{9545DD2A-3BEA-40DA-ABE2-09CB04B2FB5B}.Debug|Any CPU.Build.0 = Debug|Any CPU
		{9545DD2A-3BEA-40DA-ABE2-09CB04B2FB5B}.Release|Any CPU.ActiveCfg = Release|Any CPU
		{9545DD2A-3BEA-40DA-ABE2-09CB04B2FB5B}.Release|Any CPU.Build.0 = Release|Any CPU
	EndGlobalSection
	GlobalSection(SolutionProperties) = preSolution
		HideSolutionNode = FALSE
	EndGlobalSection
	GlobalSection(ExtensibilityGlobals) = postSolution
		SolutionGuid = {FE80E339-A9A3-45CE-B967-DBD13412ACF6}
	EndGlobalSection
EndGlobal
