
Microsoft Visual Studio Solution File, Format Version 12.00
# Visual Studio Version 16
VisualStudioVersion = 16.0.30309.148
MinimumVisualStudioVersion = 10.0.40219.1
Project("{FAE04EC0-301F-11D3-BF4B-00C04F79EFBC}") = "Collection", "Collection\Collection.csproj", "{C5E7DBDB-A741-4906-8491-C876C03358CA}"
EndProject
Global
	GlobalSection(SolutionConfigurationPlatforms) = preSolution
		Debug|Any CPU = Debug|Any CPU
		Release|Any CPU = Release|Any CPU
	EndGlobalSection
	GlobalSection(ProjectConfigurationPlatforms) = postSolution
		{C5E7DBDB-A741-4906-8491-C876C03358CA}.Debug|Any CPU.ActiveCfg = Debug|Any CPU
		{C5E7DBDB-A741-4906-8491-C876C03358CA}.Debug|Any CPU.Build.0 = Debug|Any CPU
		{C5E7DBDB-A741-4906-8491-C876C03358CA}.Release|Any CPU.ActiveCfg = Release|Any CPU
		{C5E7DBDB-A741-4906-8491-C876C03358CA}.Release|Any CPU.Build.0 = Release|Any CPU
	EndGlobalSection
	GlobalSection(SolutionProperties) = preSolution
		HideSolutionNode = FALSE
	EndGlobalSection
	GlobalSection(ExtensibilityGlobals) = postSolution
		SolutionGuid = {BABE2A11-5910-44ED-A5F5-439DC80D0005}
	EndGlobalSection
EndGlobal
