
Microsoft Visual Studio Solution File, Format Version 12.00
# Visual Studio Version 16
VisualStudioVersion = 16.0.30309.148
MinimumVisualStudioVersion = 10.0.40219.1
Project("{FAE04EC0-301F-11D3-BF4B-00C04F79EFBC}") = "StackArrayList", "StackArrayList\StackArrayList.csproj", "{D59EF625-8C7A-47F1-B51E-85031A3F3624}"
EndProject
Global
	GlobalSection(SolutionConfigurationPlatforms) = preSolution
		Debug|Any CPU = Debug|Any CPU
		Release|Any CPU = Release|Any CPU
	EndGlobalSection
	GlobalSection(ProjectConfigurationPlatforms) = postSolution
		{D59EF625-8C7A-47F1-B51E-85031A3F3624}.Debug|Any CPU.ActiveCfg = Debug|Any CPU
		{D59EF625-8C7A-47F1-B51E-85031A3F3624}.Debug|Any CPU.Build.0 = Debug|Any CPU
		{D59EF625-8C7A-47F1-B51E-85031A3F3624}.Release|Any CPU.ActiveCfg = Release|Any CPU
		{D59EF625-8C7A-47F1-B51E-85031A3F3624}.Release|Any CPU.Build.0 = Release|Any CPU
	EndGlobalSection
	GlobalSection(SolutionProperties) = preSolution
		HideSolutionNode = FALSE
	EndGlobalSection
	GlobalSection(ExtensibilityGlobals) = postSolution
		SolutionGuid = {DE53ACDF-64F7-43A5-8649-247F029E6FFF}
	EndGlobalSection
EndGlobal
