
Microsoft Visual Studio Solution File, Format Version 12.00
# Visual Studio Version 16
VisualStudioVersion = 16.0.30309.148
MinimumVisualStudioVersion = 10.0.40219.1
Project("{FAE04EC0-301F-11D3-BF4B-00C04F79EFBC}") = "OverflowExceptionDemo", "OverflowExceptionDemo\OverflowExceptionDemo.csproj", "{742C9DE7-4325-4379-AA6C-3B78C5D03372}"
EndProject
Global
	GlobalSection(SolutionConfigurationPlatforms) = preSolution
		Debug|Any CPU = Debug|Any CPU
		Release|Any CPU = Release|Any CPU
	EndGlobalSection
	GlobalSection(ProjectConfigurationPlatforms) = postSolution
		{742C9DE7-4325-4379-AA6C-3B78C5D03372}.Debug|Any CPU.ActiveCfg = Debug|Any CPU
		{742C9DE7-4325-4379-AA6C-3B78C5D03372}.Debug|Any CPU.Build.0 = Debug|Any CPU
		{742C9DE7-4325-4379-AA6C-3B78C5D03372}.Release|Any CPU.ActiveCfg = Release|Any CPU
		{742C9DE7-4325-4379-AA6C-3B78C5D03372}.Release|Any CPU.Build.0 = Release|Any CPU
	EndGlobalSection
	GlobalSection(SolutionProperties) = preSolution
		HideSolutionNode = FALSE
	EndGlobalSection
	GlobalSection(ExtensibilityGlobals) = postSolution
		SolutionGuid = {9B5F9545-24F3-4BC6-AB50-4895A7249A12}
	EndGlobalSection
EndGlobal
