
Microsoft Visual Studio Solution File, Format Version 12.00
# Visual Studio Version 16
VisualStudioVersion = 16.0.30225.117
MinimumVisualStudioVersion = 10.0.40219.1
Project("{FAE04EC0-301F-11D3-BF4B-00C04F79EFBC}") = "TriangleClassifier", "TriangleClassifier\TriangleClassifier.csproj", "{33B37F4D-3891-457E-9460-EC9057877585}"
EndProject
Project("{FAE04EC0-301F-11D3-BF4B-00C04F79EFBC}") = "TriangleClassifierTest", "TriangleClassifierTest\TriangleClassifierTest.csproj", "{99F65D94-2C65-4B70-B68E-9193EF930E83}"
EndProject
Global
	GlobalSection(SolutionConfigurationPlatforms) = preSolution
		Debug|Any CPU = Debug|Any CPU
		Release|Any CPU = Release|Any CPU
	EndGlobalSection
	GlobalSection(ProjectConfigurationPlatforms) = postSolution
		{33B37F4D-3891-457E-9460-EC9057877585}.Debug|Any CPU.ActiveCfg = Debug|Any CPU
		{33B37F4D-3891-457E-9460-EC9057877585}.Debug|Any CPU.Build.0 = Debug|Any CPU
		{33B37F4D-3891-457E-9460-EC9057877585}.Release|Any CPU.ActiveCfg = Release|Any CPU
		{33B37F4D-3891-457E-9460-EC9057877585}.Release|Any CPU.Build.0 = Release|Any CPU
		{99F65D94-2C65-4B70-B68E-9193EF930E83}.Debug|Any CPU.ActiveCfg = Debug|Any CPU
		{99F65D94-2C65-4B70-B68E-9193EF930E83}.Debug|Any CPU.Build.0 = Debug|Any CPU
		{99F65D94-2C65-4B70-B68E-9193EF930E83}.Release|Any CPU.ActiveCfg = Release|Any CPU
		{99F65D94-2C65-4B70-B68E-9193EF930E83}.Release|Any CPU.Build.0 = Release|Any CPU
	EndGlobalSection
	GlobalSection(SolutionProperties) = preSolution
		HideSolutionNode = FALSE
	EndGlobalSection
	GlobalSection(ExtensibilityGlobals) = postSolution
		SolutionGuid = {E6EFD9DF-D54D-49D8-A1E9-46B52B9A0E97}
	EndGlobalSection
EndGlobal
