
Microsoft Visual Studio Solution File, Format Version 12.00
# Visual Studio Version 16
VisualStudioVersion = 16.0.30309.148
MinimumVisualStudioVersion = 10.0.40219.1
Project("{FAE04EC0-301F-11D3-BF4B-00C04F79EFBC}") = "QueueArrayList", "QueueArrayList\QueueArrayList.csproj", "{46415AC6-796D-4665-A52F-32A8E2AE6BFC}"
EndProject
Global
	GlobalSection(SolutionConfigurationPlatforms) = preSolution
		Debug|Any CPU = Debug|Any CPU
		Release|Any CPU = Release|Any CPU
	EndGlobalSection
	GlobalSection(ProjectConfigurationPlatforms) = postSolution
		{46415AC6-796D-4665-A52F-32A8E2AE6BFC}.Debug|Any CPU.ActiveCfg = Debug|Any CPU
		{46415AC6-796D-4665-A52F-32A8E2AE6BFC}.Debug|Any CPU.Build.0 = Debug|Any CPU
		{46415AC6-796D-4665-A52F-32A8E2AE6BFC}.Release|Any CPU.ActiveCfg = Release|Any CPU
		{46415AC6-796D-4665-A52F-32A8E2AE6BFC}.Release|Any CPU.Build.0 = Release|Any CPU
	EndGlobalSection
	GlobalSection(SolutionProperties) = preSolution
		HideSolutionNode = FALSE
	EndGlobalSection
	GlobalSection(ExtensibilityGlobals) = postSolution
		SolutionGuid = {F98CDEAF-4B1B-4A3A-BACE-0D101F3CAB42}
	EndGlobalSection
EndGlobal
