
Microsoft Visual Studio Solution File, Format Version 12.00
# Visual Studio Version 16
VisualStudioVersion = 16.0.30309.148
MinimumVisualStudioVersion = 10.0.40219.1
Project("{FAE04EC0-301F-11D3-BF4B-00C04F79EFBC}") = "PrimeFactorization", "PrimeFactorization\PrimeFactorization.csproj", "{B18EB34C-B9F5-4121-93F7-CC71A3491934}"
EndProject
Global
	GlobalSection(SolutionConfigurationPlatforms) = preSolution
		Debug|Any CPU = Debug|Any CPU
		Release|Any CPU = Release|Any CPU
	EndGlobalSection
	GlobalSection(ProjectConfigurationPlatforms) = postSolution
		{B18EB34C-B9F5-4121-93F7-CC71A3491934}.Debug|Any CPU.ActiveCfg = Debug|Any CPU
		{B18EB34C-B9F5-4121-93F7-CC71A3491934}.Debug|Any CPU.Build.0 = Debug|Any CPU
		{B18EB34C-B9F5-4121-93F7-CC71A3491934}.Release|Any CPU.ActiveCfg = Release|Any CPU
		{B18EB34C-B9F5-4121-93F7-CC71A3491934}.Release|Any CPU.Build.0 = Release|Any CPU
	EndGlobalSection
	GlobalSection(SolutionProperties) = preSolution
		HideSolutionNode = FALSE
	EndGlobalSection
	GlobalSection(ExtensibilityGlobals) = postSolution
		SolutionGuid = {286BB046-4299-43D3-8406-5EA68F3A91CF}
	EndGlobalSection
EndGlobal
