
Microsoft Visual Studio Solution File, Format Version 12.00
# Visual Studio Version 16
VisualStudioVersion = 16.0.30309.148
MinimumVisualStudioVersion = 10.0.40219.1
Project("{FAE04EC0-301F-11D3-BF4B-00C04F79EFBC}") = "GenericsDemo", "GenericsDemo\GenericsDemo.csproj", "{70B4F403-DAE7-44DF-B13A-BDC8A69B3B60}"
EndProject
Global
	GlobalSection(SolutionConfigurationPlatforms) = preSolution
		Debug|Any CPU = Debug|Any CPU
		Release|Any CPU = Release|Any CPU
	EndGlobalSection
	GlobalSection(ProjectConfigurationPlatforms) = postSolution
		{70B4F403-DAE7-44DF-B13A-BDC8A69B3B60}.Debug|Any CPU.ActiveCfg = Debug|Any CPU
		{70B4F403-DAE7-44DF-B13A-BDC8A69B3B60}.Debug|Any CPU.Build.0 = Debug|Any CPU
		{70B4F403-DAE7-44DF-B13A-BDC8A69B3B60}.Release|Any CPU.ActiveCfg = Release|Any CPU
		{70B4F403-DAE7-44DF-B13A-BDC8A69B3B60}.Release|Any CPU.Build.0 = Release|Any CPU
	EndGlobalSection
	GlobalSection(SolutionProperties) = preSolution
		HideSolutionNode = FALSE
	EndGlobalSection
	GlobalSection(ExtensibilityGlobals) = postSolution
		SolutionGuid = {B0874C9E-2608-49BB-8709-07E924A5FD2D}
	EndGlobalSection
EndGlobal
