
Microsoft Visual Studio Solution File, Format Version 12.00
# Visual Studio Version 16
VisualStudioVersion = 16.0.30225.117
MinimumVisualStudioVersion = 10.0.40219.1
Project("{FAE04EC0-301F-11D3-BF4B-00C04F79EFBC}") = "StudentManagerSystem", "StudentManagerSystem\StudentManagerSystem.csproj", "{D66B08A3-F103-4413-A240-B2B54867189B}"
EndProject
Global
	GlobalSection(SolutionConfigurationPlatforms) = preSolution
		Debug|Any CPU = Debug|Any CPU
		Release|Any CPU = Release|Any CPU
	EndGlobalSection
	GlobalSection(ProjectConfigurationPlatforms) = postSolution
		{D66B08A3-F103-4413-A240-B2B54867189B}.Debug|Any CPU.ActiveCfg = Debug|Any CPU
		{D66B08A3-F103-4413-A240-B2B54867189B}.Debug|Any CPU.Build.0 = Debug|Any CPU
		{D66B08A3-F103-4413-A240-B2B54867189B}.Release|Any CPU.ActiveCfg = Release|Any CPU
		{D66B08A3-F103-4413-A240-B2B54867189B}.Release|Any CPU.Build.0 = Release|Any CPU
	EndGlobalSection
	GlobalSection(SolutionProperties) = preSolution
		HideSolutionNode = FALSE
	EndGlobalSection
	GlobalSection(ExtensibilityGlobals) = postSolution
		SolutionGuid = {DB9F4BBD-4915-47DC-BFF1-5DF197B4DC65}
	EndGlobalSection
EndGlobal
