
Microsoft Visual Studio Solution File, Format Version 12.00
# Visual Studio Version 16
VisualStudioVersion = 16.0.30309.148
MinimumVisualStudioVersion = 10.0.40219.1
Project("{FAE04EC0-301F-11D3-BF4B-00C04F79EFBC}") = "Crawl", "Crawl\Crawl.csproj", "{87A6F73E-A1F2-40BE-AF59-661A4F0EAD77}"
EndProject
Global
	GlobalSection(SolutionConfigurationPlatforms) = preSolution
		Debug|Any CPU = Debug|Any CPU
		Release|Any CPU = Release|Any CPU
	EndGlobalSection
	GlobalSection(ProjectConfigurationPlatforms) = postSolution
		{87A6F73E-A1F2-40BE-AF59-661A4F0EAD77}.Debug|Any CPU.ActiveCfg = Debug|Any CPU
		{87A6F73E-A1F2-40BE-AF59-661A4F0EAD77}.Debug|Any CPU.Build.0 = Debug|Any CPU
		{87A6F73E-A1F2-40BE-AF59-661A4F0EAD77}.Release|Any CPU.ActiveCfg = Release|Any CPU
		{87A6F73E-A1F2-40BE-AF59-661A4F0EAD77}.Release|Any CPU.Build.0 = Release|Any CPU
	EndGlobalSection
	GlobalSection(SolutionProperties) = preSolution
		HideSolutionNode = FALSE
	EndGlobalSection
	GlobalSection(ExtensibilityGlobals) = postSolution
		SolutionGuid = {4E15B1C1-D114-4C83-8269-45196512DFAE}
	EndGlobalSection
EndGlobal
