
Microsoft Visual Studio Solution File, Format Version 12.00
# Visual Studio Version 16
VisualStudioVersion = 16.0.30225.117
MinimumVisualStudioVersion = 10.0.40219.1
Project("{FAE04EC0-301F-11D3-BF4B-00C04F79EFBC}") = "IComparer", "IComparer\IComparer.csproj", "{48B11059-A06C-411C-A8CE-1A4E34E00A43}"
EndProject
Global
	GlobalSection(SolutionConfigurationPlatforms) = preSolution
		Debug|Any CPU = Debug|Any CPU
		Release|Any CPU = Release|Any CPU
	EndGlobalSection
	GlobalSection(ProjectConfigurationPlatforms) = postSolution
		{48B11059-A06C-411C-A8CE-1A4E34E00A43}.Debug|Any CPU.ActiveCfg = Debug|Any CPU
		{48B11059-A06C-411C-A8CE-1A4E34E00A43}.Debug|Any CPU.Build.0 = Debug|Any CPU
		{48B11059-A06C-411C-A8CE-1A4E34E00A43}.Release|Any CPU.ActiveCfg = Release|Any CPU
		{48B11059-A06C-411C-A8CE-1A4E34E00A43}.Release|Any CPU.Build.0 = Release|Any CPU
	EndGlobalSection
	GlobalSection(SolutionProperties) = preSolution
		HideSolutionNode = FALSE
	EndGlobalSection
	GlobalSection(ExtensibilityGlobals) = postSolution
		SolutionGuid = {D00A93DB-F9E7-4021-9C03-99C51AC0F245}
	EndGlobalSection
EndGlobal
